
Microsoft Visual Studio Solution File, Format Version 12.00
# Visual Studio Version 17
VisualStudioVersion = 17.14.36518.9 d17.14
MinimumVisualStudioVersion = 10.0.40219.1
Project("{FAE04EC0-301F-11D3-BF4B-00C04F79EFBC}") = "ToDoListSqlite", "ToDoListSqlite\ToDoListSqlite.csproj", "{2FEB7EED-99CC-430C-B8FB-46BAD9217DA8}"
EndProject
Global
	GlobalSection(SolutionConfigurationPlatforms) = preSolution
		Debug|Any CPU = Debug|Any CPU
		Release|Any CPU = Release|Any CPU
	EndGlobalSection
	GlobalSection(ProjectConfigurationPlatforms) = postSolution
		{2FEB7EED-99CC-430C-B8FB-46BAD9217DA8}.Debug|Any CPU.ActiveCfg = Debug|Any CPU
		{2FEB7EED-99CC-430C-B8FB-46BAD9217DA8}.Debug|Any CPU.Build.0 = Debug|Any CPU
		{2FEB7EED-99CC-430C-B8FB-46BAD9217DA8}.Release|Any CPU.ActiveCfg = Release|Any CPU
		{2FEB7EED-99CC-430C-B8FB-46BAD9217DA8}.Release|Any CPU.Build.0 = Release|Any CPU
	EndGlobalSection
	GlobalSection(SolutionProperties) = preSolution
		HideSolutionNode = FALSE
	EndGlobalSection
	GlobalSection(ExtensibilityGlobals) = postSolution
		SolutionGuid = {8D98EB42-4FC8-4C53-8E55-FC4D7642AE2D}
	EndGlobalSection
EndGlobal
